
Microsoft Visual Studio Solution File, Format Version 12.00
# Visual Studio Version 16
VisualStudioVersion = 16.0.31410.357
MinimumVisualStudioVersion = 10.0.40219.1
Project("{FAE04EC0-301F-11D3-BF4B-00C04F79EFBC}") = "ImapConsole", "ImapConsole\ImapConsole.csproj", "{BA85C451-F4BE-4E26-AF06-06A9A885DE88}"
EndProject
Global
	GlobalSection(SolutionConfigurationPlatforms) = preSolution
		Debug|Any CPU = Debug|Any CPU
		Release|Any CPU = Release|Any CPU
	EndGlobalSection
	GlobalSection(ProjectConfigurationPlatforms) = postSolution
		{BA85C451-F4BE-4E26-AF06-06A9A885DE88}.Debug|Any CPU.ActiveCfg = Debug|Any CPU
		{BA85C451-F4BE-4E26-AF06-06A9A885DE88}.Debug|Any CPU.Build.0 = Debug|Any CPU
		{BA85C451-F4BE-4E26-AF06-06A9A885DE88}.Release|Any CPU.ActiveCfg = Release|Any CPU
		{BA85C451-F4BE-4E26-AF06-06A9A885DE88}.Release|Any CPU.Build.0 = Release|Any CPU
	EndGlobalSection
	GlobalSection(SolutionProperties) = preSolution
		HideSolutionNode = FALSE
	EndGlobalSection
	GlobalSection(ExtensibilityGlobals) = postSolution
		SolutionGuid = {86087B61-6C4F-4673-BF13-1925D4339DF5}
	EndGlobalSection
EndGlobal
